
Microsoft Visual Studio Solution File, Format Version 9.00
# Visual Studio 2005
Project("{FAE04EC0-301F-11D3-BF4B-00C04F79EFBC}") = "Gmpd", "Gmpd\Gmpd.csproj", "{850F98DF-3BEE-4112-9BD0-57240B477DDC}"
EndProject
Global
	GlobalSection(SolutionConfigurationPlatforms) = preSolution
		Debug|Any CPU = Debug|Any CPU
		Release|Any CPU = Release|Any CPU
	EndGlobalSection
	GlobalSection(ProjectConfigurationPlatforms) = postSolution
		{850F98DF-3BEE-4112-9BD0-57240B477DDC}.Debug|Any CPU.ActiveCfg = Debug|Any CPU
		{850F98DF-3BEE-4112-9BD0-57240B477DDC}.Debug|Any CPU.Build.0 = Debug|Any CPU
		{850F98DF-3BEE-4112-9BD0-57240B477DDC}.Release|Any CPU.ActiveCfg = Release|Any CPU
		{850F98DF-3BEE-4112-9BD0-57240B477DDC}.Release|Any CPU.Build.0 = Release|Any CPU
	EndGlobalSection
	GlobalSection(MonoDevelopProperties) = preSolution
		StartupItem = Gmpd\Gmpd.csproj
	EndGlobalSection
EndGlobal
